
Microsoft Visual Studio Solution File, Format Version 12.00
# Visual Studio 15
VisualStudioVersion = 15.0.26124.0
MinimumVisualStudioVersion = 15.0.26124.0
Project("{FAE04EC0-301F-11D3-BF4B-00C04F79EFBC}") = "VRFEngine.Data", "VRF.Data\VRFEngine.Data.csproj", "{255CB4D1-54DF-4C3E-9891-41065165F8FF}"
EndProject
Project("{FAE04EC0-301F-11D3-BF4B-00C04F79EFBC}") = "VRFEngine.Model", "VRF.Model\VRFEngine.Model.csproj", "{BD70D49C-402D-4EF7-9E1E-6DB6E16543FD}"
EndProject
Project("{FAE04EC0-301F-11D3-BF4B-00C04F79EFBC}") = "VRFEngine.Test", "VRF.Test\VRFEngine.Test.csproj", "{B818800C-D1C3-4843-8F04-A67B073F5090}"
EndProject
Project("{FAE04EC0-301F-11D3-BF4B-00C04F79EFBC}") = "VRFEngine.Api", "VRF.Api\VRFEngine.Api.csproj", "{1F44DE51-71A7-4FDA-AB0A-98B1F9FCAB40}"
EndProject
Project("{FAE04EC0-301F-11D3-BF4B-00C04F79EFBC}") = "VRFEngine.Common", "VRF.Common\VRFEngine.Common.csproj", "{AEC02135-7DAA-4B80-9F3E-3670B12527A7}"
EndProject
Project("{FAE04EC0-301F-11D3-BF4B-00C04F79EFBC}") = "VRFEngine.Service", "VRF.Service\VRFEngine.Service.csproj", "{88208B77-80FB-4814-A343-B082B7E1388E}"
EndProject
Global
	GlobalSection(SolutionConfigurationPlatforms) = preSolution
		Debug|Any CPU = Debug|Any CPU
		Debug|x64 = Debug|x64
		Debug|x86 = Debug|x86
		Release|Any CPU = Release|Any CPU
		Release|x64 = Release|x64
		Release|x86 = Release|x86
	EndGlobalSection
	GlobalSection(SolutionProperties) = preSolution
		HideSolutionNode = FALSE
	EndGlobalSection
	GlobalSection(ProjectConfigurationPlatforms) = postSolution
		{255CB4D1-54DF-4C3E-9891-41065165F8FF}.Debug|Any CPU.ActiveCfg = Debug|Any CPU
		{255CB4D1-54DF-4C3E-9891-41065165F8FF}.Debug|Any CPU.Build.0 = Debug|Any CPU
		{255CB4D1-54DF-4C3E-9891-41065165F8FF}.Debug|x64.ActiveCfg = Debug|Any CPU
		{255CB4D1-54DF-4C3E-9891-41065165F8FF}.Debug|x64.Build.0 = Debug|Any CPU
		{255CB4D1-54DF-4C3E-9891-41065165F8FF}.Debug|x86.ActiveCfg = Debug|Any CPU
		{255CB4D1-54DF-4C3E-9891-41065165F8FF}.Debug|x86.Build.0 = Debug|Any CPU
		{255CB4D1-54DF-4C3E-9891-41065165F8FF}.Release|Any CPU.ActiveCfg = Release|Any CPU
		{255CB4D1-54DF-4C3E-9891-41065165F8FF}.Release|Any CPU.Build.0 = Release|Any CPU
		{255CB4D1-54DF-4C3E-9891-41065165F8FF}.Release|x64.ActiveCfg = Release|Any CPU
		{255CB4D1-54DF-4C3E-9891-41065165F8FF}.Release|x64.Build.0 = Release|Any CPU
		{255CB4D1-54DF-4C3E-9891-41065165F8FF}.Release|x86.ActiveCfg = Release|Any CPU
		{255CB4D1-54DF-4C3E-9891-41065165F8FF}.Release|x86.Build.0 = Release|Any CPU
		{BD70D49C-402D-4EF7-9E1E-6DB6E16543FD}.Debug|Any CPU.ActiveCfg = Debug|Any CPU
		{BD70D49C-402D-4EF7-9E1E-6DB6E16543FD}.Debug|Any CPU.Build.0 = Debug|Any CPU
		{BD70D49C-402D-4EF7-9E1E-6DB6E16543FD}.Debug|x64.ActiveCfg = Debug|Any CPU
		{BD70D49C-402D-4EF7-9E1E-6DB6E16543FD}.Debug|x64.Build.0 = Debug|Any CPU
		{BD70D49C-402D-4EF7-9E1E-6DB6E16543FD}.Debug|x86.ActiveCfg = Debug|Any CPU
		{BD70D49C-402D-4EF7-9E1E-6DB6E16543FD}.Debug|x86.Build.0 = Debug|Any CPU
		{BD70D49C-402D-4EF7-9E1E-6DB6E16543FD}.Release|Any CPU.ActiveCfg = Release|Any CPU
		{BD70D49C-402D-4EF7-9E1E-6DB6E16543FD}.Release|Any CPU.Build.0 = Release|Any CPU
		{BD70D49C-402D-4EF7-9E1E-6DB6E16543FD}.Release|x64.ActiveCfg = Release|Any CPU
		{BD70D49C-402D-4EF7-9E1E-6DB6E16543FD}.Release|x64.Build.0 = Release|Any CPU
		{BD70D49C-402D-4EF7-9E1E-6DB6E16543FD}.Release|x86.ActiveCfg = Release|Any CPU
		{BD70D49C-402D-4EF7-9E1E-6DB6E16543FD}.Release|x86.Build.0 = Release|Any CPU
		{B818800C-D1C3-4843-8F04-A67B073F5090}.Debug|Any CPU.ActiveCfg = Debug|Any CPU
		{B818800C-D1C3-4843-8F04-A67B073F5090}.Debug|Any CPU.Build.0 = Debug|Any CPU
		{B818800C-D1C3-4843-8F04-A67B073F5090}.Debug|x64.ActiveCfg = Debug|Any CPU
		{B818800C-D1C3-4843-8F04-A67B073F5090}.Debug|x64.Build.0 = Debug|Any CPU
		{B818800C-D1C3-4843-8F04-A67B073F5090}.Debug|x86.ActiveCfg = Debug|Any CPU
		{B818800C-D1C3-4843-8F04-A67B073F5090}.Debug|x86.Build.0 = Debug|Any CPU
		{B818800C-D1C3-4843-8F04-A67B073F5090}.Release|Any CPU.ActiveCfg = Release|Any CPU
		{B818800C-D1C3-4843-8F04-A67B073F5090}.Release|Any CPU.Build.0 = Release|Any CPU
		{B818800C-D1C3-4843-8F04-A67B073F5090}.Release|x64.ActiveCfg = Release|Any CPU
		{B818800C-D1C3-4843-8F04-A67B073F5090}.Release|x64.Build.0 = Release|Any CPU
		{B818800C-D1C3-4843-8F04-A67B073F5090}.Release|x86.ActiveCfg = Release|Any CPU
		{B818800C-D1C3-4843-8F04-A67B073F5090}.Release|x86.Build.0 = Release|Any CPU
		{1F44DE51-71A7-4FDA-AB0A-98B1F9FCAB40}.Debug|Any CPU.ActiveCfg = Debug|Any CPU
		{1F44DE51-71A7-4FDA-AB0A-98B1F9FCAB40}.Debug|Any CPU.Build.0 = Debug|Any CPU
		{1F44DE51-71A7-4FDA-AB0A-98B1F9FCAB40}.Debug|x64.ActiveCfg = Debug|Any CPU
		{1F44DE51-71A7-4FDA-AB0A-98B1F9FCAB40}.Debug|x64.Build.0 = Debug|Any CPU
		{1F44DE51-71A7-4FDA-AB0A-98B1F9FCAB40}.Debug|x86.ActiveCfg = Debug|Any CPU
		{1F44DE51-71A7-4FDA-AB0A-98B1F9FCAB40}.Debug|x86.Build.0 = Debug|Any CPU
		{1F44DE51-71A7-4FDA-AB0A-98B1F9FCAB40}.Release|Any CPU.ActiveCfg = Release|Any CPU
		{1F44DE51-71A7-4FDA-AB0A-98B1F9FCAB40}.Release|Any CPU.Build.0 = Release|Any CPU
		{1F44DE51-71A7-4FDA-AB0A-98B1F9FCAB40}.Release|x64.ActiveCfg = Release|Any CPU
		{1F44DE51-71A7-4FDA-AB0A-98B1F9FCAB40}.Release|x64.Build.0 = Release|Any CPU
		{1F44DE51-71A7-4FDA-AB0A-98B1F9FCAB40}.Release|x86.ActiveCfg = Release|Any CPU
		{1F44DE51-71A7-4FDA-AB0A-98B1F9FCAB40}.Release|x86.Build.0 = Release|Any CPU
		{AEC02135-7DAA-4B80-9F3E-3670B12527A7}.Debug|Any CPU.ActiveCfg = Debug|Any CPU
		{AEC02135-7DAA-4B80-9F3E-3670B12527A7}.Debug|Any CPU.Build.0 = Debug|Any CPU
		{AEC02135-7DAA-4B80-9F3E-3670B12527A7}.Debug|x64.ActiveCfg = Debug|Any CPU
		{AEC02135-7DAA-4B80-9F3E-3670B12527A7}.Debug|x64.Build.0 = Debug|Any CPU
		{AEC02135-7DAA-4B80-9F3E-3670B12527A7}.Debug|x86.ActiveCfg = Debug|Any CPU
		{AEC02135-7DAA-4B80-9F3E-3670B12527A7}.Debug|x86.Build.0 = Debug|Any CPU
		{AEC02135-7DAA-4B80-9F3E-3670B12527A7}.Release|Any CPU.ActiveCfg = Release|Any CPU
		{AEC02135-7DAA-4B80-9F3E-3670B12527A7}.Release|Any CPU.Build.0 = Release|Any CPU
		{AEC02135-7DAA-4B80-9F3E-3670B12527A7}.Release|x64.ActiveCfg = Release|Any CPU
		{AEC02135-7DAA-4B80-9F3E-3670B12527A7}.Release|x64.Build.0 = Release|Any CPU
		{AEC02135-7DAA-4B80-9F3E-3670B12527A7}.Release|x86.ActiveCfg = Release|Any CPU
		{AEC02135-7DAA-4B80-9F3E-3670B12527A7}.Release|x86.Build.0 = Release|Any CPU
		{88208B77-80FB-4814-A343-B082B7E1388E}.Debug|Any CPU.ActiveCfg = Debug|Any CPU
		{88208B77-80FB-4814-A343-B082B7E1388E}.Debug|Any CPU.Build.0 = Debug|Any CPU
		{88208B77-80FB-4814-A343-B082B7E1388E}.Debug|x64.ActiveCfg = Debug|Any CPU
		{88208B77-80FB-4814-A343-B082B7E1388E}.Debug|x64.Build.0 = Debug|Any CPU
		{88208B77-80FB-4814-A343-B082B7E1388E}.Debug|x86.ActiveCfg = Debug|Any CPU
		{88208B77-80FB-4814-A343-B082B7E1388E}.Debug|x86.Build.0 = Debug|Any CPU
		{88208B77-80FB-4814-A343-B082B7E1388E}.Release|Any CPU.ActiveCfg = Release|Any CPU
		{88208B77-80FB-4814-A343-B082B7E1388E}.Release|Any CPU.Build.0 = Release|Any CPU
		{88208B77-80FB-4814-A343-B082B7E1388E}.Release|x64.ActiveCfg = Release|Any CPU
		{88208B77-80FB-4814-A343-B082B7E1388E}.Release|x64.Build.0 = Release|Any CPU
		{88208B77-80FB-4814-A343-B082B7E1388E}.Release|x86.ActiveCfg = Release|Any CPU
		{88208B77-80FB-4814-A343-B082B7E1388E}.Release|x86.Build.0 = Release|Any CPU
	EndGlobalSection
EndGlobal
